
Microsoft Visual Studio Solution File, Format Version 12.00
# Visual Studio Version 17
VisualStudioVersion = 17.0.32002.185
MinimumVisualStudioVersion = 10.0.40219.1
Project("{FAE04EC0-301F-11D3-BF4B-00C04F79EFBC}") = "Path", "Path.csproj", "{52C151E5-883C-4B03-83AA-A573AB8CF1EC}"
EndProject
Global
	GlobalSection(SolutionConfigurationPlatforms) = preSolution
		Debug|Any CPU = Debug|Any CPU
		Release|Any CPU = Release|Any CPU
	EndGlobalSection
	GlobalSection(ProjectConfigurationPlatforms) = postSolution
		{52C151E5-883C-4B03-83AA-A573AB8CF1EC}.Debug|Any CPU.ActiveCfg = Debug|Any CPU
		{52C151E5-883C-4B03-83AA-A573AB8CF1EC}.Debug|Any CPU.Build.0 = Debug|Any CPU
		{52C151E5-883C-4B03-83AA-A573AB8CF1EC}.Release|Any CPU.ActiveCfg = Release|Any CPU
		{52C151E5-883C-4B03-83AA-A573AB8CF1EC}.Release|Any CPU.Build.0 = Release|Any CPU
	EndGlobalSection
	GlobalSection(SolutionProperties) = preSolution
		HideSolutionNode = FALSE
	EndGlobalSection
	GlobalSection(ExtensibilityGlobals) = postSolution
		SolutionGuid = {963D37BE-6F97-4FAE-81C7-5E0D24F8BBE2}
	EndGlobalSection
EndGlobal
